{
  "requires": true,
  "lockfileVersion": 1,
  "dependencies": {
    "directory-tree": {
      "version": "3.0.0",
      "resolved": "https://registry.npmjs.org/directory-tree/-/directory-tree-3.0.0.tgz",
      "integrity": "sha512-rPOvylpnKTuGp5wwEKwnAK506lHg9e0Db+q0J8br0IwMATfOE/2Ksqjgf5Tb9mfIWA8RzVJyta0ScXPgarD6BA=="
    }
  }
}
